
Microsoft Visual Studio Solution File, Format Version 12.00
# Visual Studio Version 16
VisualStudioVersion = 16.0.31205.134
MinimumVisualStudioVersion = 10.0.40219.1
Project("{FAE04EC0-301F-11D3-BF4B-00C04F79EFBC}") = "MvcTicariOtomasyon", "MvcTicariOtomasyon\MvcTicariOtomasyon.csproj", "{15B016E3-23A8-4A45-9162-6BACED063996}"
EndProject
Global
	GlobalSection(SolutionConfigurationPlatforms) = preSolution
		Debug|Any CPU = Debug|Any CPU
		Release|Any CPU = Release|Any CPU
	EndGlobalSection
	GlobalSection(ProjectConfigurationPlatforms) = postSolution
		{15B016E3-23A8-4A45-9162-6BACED063996}.Debug|Any CPU.ActiveCfg = Debug|Any CPU
		{15B016E3-23A8-4A45-9162-6BACED063996}.Debug|Any CPU.Build.0 = Debug|Any CPU
		{15B016E3-23A8-4A45-9162-6BACED063996}.Release|Any CPU.ActiveCfg = Release|Any CPU
		{15B016E3-23A8-4A45-9162-6BACED063996}.Release|Any CPU.Build.0 = Release|Any CPU
	EndGlobalSection
	GlobalSection(SolutionProperties) = preSolution
		HideSolutionNode = FALSE
	EndGlobalSection
	GlobalSection(ExtensibilityGlobals) = postSolution
		SolutionGuid = {0B393C2F-5669-45EA-8846-FDD8D6EBDCEB}
	EndGlobalSection
EndGlobal
